
Microsoft Visual Studio Solution File, Format Version 12.00
# Visual Studio Version 17
VisualStudioVersion = 17.10.34707.107
MinimumVisualStudioVersion = 10.0.40219.1
Project("{FAE04EC0-301F-11D3-BF4B-00C04F79EFBC}") = "TempData", "TempData\TempData.csproj", "{286AB064-A6E5-4D50-9A07-04C6007303F4}"
EndProject
Global
	GlobalSection(SolutionConfigurationPlatforms) = preSolution
		Debug|Any CPU = Debug|Any CPU
		Release|Any CPU = Release|Any CPU
	EndGlobalSection
	GlobalSection(ProjectConfigurationPlatforms) = postSolution
		{286AB064-A6E5-4D50-9A07-04C6007303F4}.Debug|Any CPU.ActiveCfg = Debug|Any CPU
		{286AB064-A6E5-4D50-9A07-04C6007303F4}.Debug|Any CPU.Build.0 = Debug|Any CPU
		{286AB064-A6E5-4D50-9A07-04C6007303F4}.Release|Any CPU.ActiveCfg = Release|Any CPU
		{286AB064-A6E5-4D50-9A07-04C6007303F4}.Release|Any CPU.Build.0 = Release|Any CPU
	EndGlobalSection
	GlobalSection(SolutionProperties) = preSolution
		HideSolutionNode = FALSE
	EndGlobalSection
	GlobalSection(ExtensibilityGlobals) = postSolution
		SolutionGuid = {6A6FB012-3EF0-473B-BEF8-DBE1C404D381}
	EndGlobalSection
EndGlobal
